
Microsoft Visual Studio Solution File, Format Version 12.00
# Visual Studio Version 17
VisualStudioVersion = 17.0.31717.71
MinimumVisualStudioVersion = 10.0.40219.1
Project("{FAE04EC0-301F-11D3-BF4B-00C04F79EFBC}") = "TabBarCustomization", "TabBarCustomization\TabBarCustomization.csproj", "{D96EF730-7B85-4262-B45E-3E8FFBEF56C0}"
EndProject
Global
	GlobalSection(SolutionConfigurationPlatforms) = preSolution
		Debug|Any CPU = Debug|Any CPU
		Release|Any CPU = Release|Any CPU
	EndGlobalSection
	GlobalSection(ProjectConfigurationPlatforms) = postSolution
		{D96EF730-7B85-4262-B45E-3E8FFBEF56C0}.Debug|Any CPU.ActiveCfg = Debug|Any CPU
		{D96EF730-7B85-4262-B45E-3E8FFBEF56C0}.Debug|Any CPU.Build.0 = Debug|Any CPU
		{D96EF730-7B85-4262-B45E-3E8FFBEF56C0}.Debug|Any CPU.Deploy.0 = Debug|Any CPU
		{D96EF730-7B85-4262-B45E-3E8FFBEF56C0}.Release|Any CPU.ActiveCfg = Release|Any CPU
		{D96EF730-7B85-4262-B45E-3E8FFBEF56C0}.Release|Any CPU.Build.0 = Release|Any CPU
		{D96EF730-7B85-4262-B45E-3E8FFBEF56C0}.Release|Any CPU.Deploy.0 = Release|Any CPU
	EndGlobalSection
	GlobalSection(SolutionProperties) = preSolution
		HideSolutionNode = FALSE
	EndGlobalSection
	GlobalSection(ExtensibilityGlobals) = postSolution
		SolutionGuid = {A518C43E-3D65-4B98-907E-5B12EA47C0E1}
	EndGlobalSection
EndGlobal
