
Microsoft Visual Studio Solution File, Format Version 12.00
# Visual Studio Version 17
VisualStudioVersion = 17.0.31717.71
MinimumVisualStudioVersion = 10.0.40219.1
Project("{FAE04EC0-301F-11D3-BF4B-00C04F79EFBC}") = "ConfigureTabItem", "ConfigureTabItem\ConfigureTabItem.csproj", "{9BBFBFD7-DC2D-456F-9F5B-4D4087FFC7AF}"
EndProject
Global
	GlobalSection(SolutionConfigurationPlatforms) = preSolution
		Debug|Any CPU = Debug|Any CPU
		Release|Any CPU = Release|Any CPU
	EndGlobalSection
	GlobalSection(ProjectConfigurationPlatforms) = postSolution
		{9BBFBFD7-DC2D-456F-9F5B-4D4087FFC7AF}.Debug|Any CPU.ActiveCfg = Debug|Any CPU
		{9BBFBFD7-DC2D-456F-9F5B-4D4087FFC7AF}.Debug|Any CPU.Build.0 = Debug|Any CPU
		{9BBFBFD7-DC2D-456F-9F5B-4D4087FFC7AF}.Debug|Any CPU.Deploy.0 = Debug|Any CPU
		{9BBFBFD7-DC2D-456F-9F5B-4D4087FFC7AF}.Release|Any CPU.ActiveCfg = Release|Any CPU
		{9BBFBFD7-DC2D-456F-9F5B-4D4087FFC7AF}.Release|Any CPU.Build.0 = Release|Any CPU
		{9BBFBFD7-DC2D-456F-9F5B-4D4087FFC7AF}.Release|Any CPU.Deploy.0 = Release|Any CPU
	EndGlobalSection
	GlobalSection(SolutionProperties) = preSolution
		HideSolutionNode = FALSE
	EndGlobalSection
	GlobalSection(ExtensibilityGlobals) = postSolution
		SolutionGuid = {11B6DDE6-A3A3-4A96-BFB6-1DEDF39D299E}
	EndGlobalSection
EndGlobal
